
Microsoft Visual Studio Solution File, Format Version 12.00
# Visual Studio Version 17
VisualStudioVersion = 17.3.32825.248
MinimumVisualStudioVersion = 10.0.40219.1
Project("{9A19103F-16F7-4668-BE54-9A1E7A4F7556}") = "SingleApi", "SingleApi\SingleApi.csproj", "{A8EA38B8-F29A-4E9D-816D-92BD4FC632AE}"
EndProject
Project("{9A19103F-16F7-4668-BE54-9A1E7A4F7556}") = "Example.MediatR", "Examples\Example.MediatR\Example.MediatR.csproj", "{6104A5A0-629D-4304-8384-0DD24CCE7D28}"
EndProject
Project("{2150E333-8FDC-42A3-9474-1A3956D46DE8}") = "Examples", "Examples", "{E1F13DC3-1E03-4C10-B4D1-0A9CEA8CEC89}"
EndProject
Project("{2150E333-8FDC-42A3-9474-1A3956D46DE8}") = "Solution Items", "Solution Items", "{A88BE152-0052-4166-8409-D23D10681AF8}"
	ProjectSection(SolutionItems) = preProject
		.gitignore = .gitignore
		LICENSE = LICENSE
		README.md = README.md
	EndProjectSection
EndProject
Global
	GlobalSection(SolutionConfigurationPlatforms) = preSolution
		Debug|Any CPU = Debug|Any CPU
		Release|Any CPU = Release|Any CPU
	EndGlobalSection
	GlobalSection(ProjectConfigurationPlatforms) = postSolution
		{A8EA38B8-F29A-4E9D-816D-92BD4FC632AE}.Debug|Any CPU.ActiveCfg = Debug|Any CPU
		{A8EA38B8-F29A-4E9D-816D-92BD4FC632AE}.Debug|Any CPU.Build.0 = Debug|Any CPU
		{A8EA38B8-F29A-4E9D-816D-92BD4FC632AE}.Release|Any CPU.ActiveCfg = Release|Any CPU
		{A8EA38B8-F29A-4E9D-816D-92BD4FC632AE}.Release|Any CPU.Build.0 = Release|Any CPU
		{6104A5A0-629D-4304-8384-0DD24CCE7D28}.Debug|Any CPU.ActiveCfg = Debug|Any CPU
		{6104A5A0-629D-4304-8384-0DD24CCE7D28}.Debug|Any CPU.Build.0 = Debug|Any CPU
		{6104A5A0-629D-4304-8384-0DD24CCE7D28}.Release|Any CPU.ActiveCfg = Release|Any CPU
		{6104A5A0-629D-4304-8384-0DD24CCE7D28}.Release|Any CPU.Build.0 = Release|Any CPU
	EndGlobalSection
	GlobalSection(SolutionProperties) = preSolution
		HideSolutionNode = FALSE
	EndGlobalSection
	GlobalSection(NestedProjects) = preSolution
		{6104A5A0-629D-4304-8384-0DD24CCE7D28} = {E1F13DC3-1E03-4C10-B4D1-0A9CEA8CEC89}
	EndGlobalSection
	GlobalSection(ExtensibilityGlobals) = postSolution
		SolutionGuid = {39BED88F-3171-4580-B014-7D9765BC62D0}
	EndGlobalSection
EndGlobal
